
Microsoft Visual Studio Solution File, Format Version 12.00
# Visual Studio Version 17
VisualStudioVersion = 17.5.002.0
MinimumVisualStudioVersion = 10.0.40219.1
Project("{9A19103F-16F7-4668-BE54-9A1E7A4F7556}") = "TestWebServer", "TestWebServer\TestWebServer.csproj", "{1D16CB41-B24B-4E4A-A18F-182EB7D02463}"
EndProject
Global
	GlobalSection(SolutionConfigurationPlatforms) = preSolution
		Debug|Any CPU = Debug|Any CPU
		Release|Any CPU = Release|Any CPU
	EndGlobalSection
	GlobalSection(ProjectConfigurationPlatforms) = postSolution
		{1D16CB41-B24B-4E4A-A18F-182EB7D02463}.Debug|Any CPU.ActiveCfg = Debug|Any CPU
		{1D16CB41-B24B-4E4A-A18F-182EB7D02463}.Debug|Any CPU.Build.0 = Debug|Any CPU
		{1D16CB41-B24B-4E4A-A18F-182EB7D02463}.Release|Any CPU.ActiveCfg = Release|Any CPU
		{1D16CB41-B24B-4E4A-A18F-182EB7D02463}.Release|Any CPU.Build.0 = Release|Any CPU
	EndGlobalSection
	GlobalSection(SolutionProperties) = preSolution
		HideSolutionNode = FALSE
	EndGlobalSection
	GlobalSection(ExtensibilityGlobals) = postSolution
		SolutionGuid = {B0C304B5-575D-4EC7-8ED9-8790097795A8}
	EndGlobalSection
EndGlobal
